# This file is automatically @generated by Cargo.
# It is not intended for manual editing.
version = 4

[[package]]
name = "api"
version = "0.1.0"

[[package]]
name = "cli"
version = "0.1.0"

[[package]]
name = "cmd"
version = "0.1.0"
dependencies = [
 "common",
]

[[package]]
name = "common"
version = "0.1.0"

[[package]]
name = "datagram"
version = "0.1.0"
dependencies = [
 "utils",
]

[[package]]
name = "executor"
version = "0.1.0"
dependencies = [
 "cmd",
 "common",
 "datagram",
 "planner",
 "utils",
]

[[package]]
name = "graph"
version = "0.1.0"

[[package]]
name = "parser"
version = "0.1.0"
dependencies = [
 "cmd",
 "tokenize",
]

[[package]]
name = "planner"
version = "0.1.0"
dependencies = [
 "cmd",
 "common",
 "parser",
 "tokenize",
]

[[package]]
name = "sdb"
version = "0.1.0"
dependencies = [
 "sdb_config",
]

[[package]]
name = "sdb_config"
version = "0.1.0"

[[package]]
name = "subgraphdb"
version = "0.1.0"
dependencies = [
 "cli",
 "common",
 "datagram",
 "planner",
 "sdb",
 "sdb_config",
]

[[package]]
name = "tokenize"
version = "0.1.0"

[[package]]
name = "utils"
version = "0.1.0"
